
Microsoft Visual Studio Solution File, Format Version 12.00
# Visual Studio Version 17
VisualStudioVersion = 17.9.34607.119
MinimumVisualStudioVersion = 10.0.40219.1
Project("{2150E333-8FDC-42A3-9474-1A3956D46DE8}") = "Shared", "Shared", "{8243FD11-D7A1-41A0-A851-B6D8E1FE2CC2}"
EndProject
Project("{2150E333-8FDC-42A3-9474-1A3956D46DE8}") = "Services", "Services", "{CDBDDE53-22D7-4145-A0DA-040CF8FFF3B3}"
EndProject
Project("{2150E333-8FDC-42A3-9474-1A3956D46DE8}") = "Products", "Products", "{93ACCC16-6BF5-4B37-8209-CE0BF9353153}"
EndProject
Project("{2150E333-8FDC-42A3-9474-1A3956D46DE8}") = "Subscriptions", "Subscriptions", "{F8EF1128-5640-43A3-BBC9-DC7526DE9EF4}"
EndProject
Project("{2150E333-8FDC-42A3-9474-1A3956D46DE8}") = "Orders", "Orders", "{211BA6E3-8EF7-4466-AAA4-04CA6B3979FC}"
EndProject
Project("{9A19103F-16F7-4668-BE54-9A1E7A4F7556}") = "Api.Read", "src\Services\Products.Api.Read\Api.Read.csproj", "{E917DDE3-C140-4454-8DEF-139D07EBA08E}"
EndProject
Project("{9A19103F-16F7-4668-BE54-9A1E7A4F7556}") = "Api.Write", "src\Services\Products.Api.Write\Api.Write.csproj", "{6E80CE6F-0199-46B1-9291-1E6C33021F1D}"
EndProject
Project("{9A19103F-16F7-4668-BE54-9A1E7A4F7556}") = "BusinessLogic", "src\Services\BusinessLogic\BusinessLogic.csproj", "{2E8ECE90-5E6C-4A18-9C8F-FCBE8578FC5E}"
EndProject
Project("{9A19103F-16F7-4668-BE54-9A1E7A4F7556}") = "Consumer", "src\Services\Consumer\Consumer.csproj", "{273617E9-66D4-483E-A5E7-48F954C29B20}"
EndProject
Project("{9A19103F-16F7-4668-BE54-9A1E7A4F7556}") = "Dtos", "src\Services\Dtos\Dtos.csproj", "{F2F5ECA6-648A-4500-B6BA-DFC60D632E87}"
EndProject
Project("{2150E333-8FDC-42A3-9474-1A3956D46DE8}") = "Communication", "Communication", "{B44FB379-A510-4D46-9B4D-AF9D2FB3D92D}"
EndProject
Project("{2150E333-8FDC-42A3-9474-1A3956D46DE8}") = "Databases", "Databases", "{E4D4B2E1-0637-46AC-988A-D8F27EE0AFF4}"
EndProject
Project("{9A19103F-16F7-4668-BE54-9A1E7A4F7556}") = "MongoDB", "src\Shared\Databases\MongoDB\MongoDB.csproj", "{7AAD1349-6A14-45CC-B0A4-E6536DA28402}"
EndProject
Project("{9A19103F-16F7-4668-BE54-9A1E7A4F7556}") = "MySql", "src\Shared\Databases\MySql\MySql.csproj", "{16CD7FE8-DDA5-46EE-B20B-C6E0A6C895A0}"
EndProject
Project("{9A19103F-16F7-4668-BE54-9A1E7A4F7556}") = "Mssql", "src\Shared\Databases\SqlServer\Mssql.csproj", "{2AAA12A0-CD2B-48C7-9105-F717E59565A4}"
EndProject
Project("{9A19103F-16F7-4668-BE54-9A1E7A4F7556}") = "Communication", "src\Shared\Communication\Comunication\Communication.csproj", "{78163C88-CE4E-4768-9003-9039DD45360E}"
EndProject
Project("{9A19103F-16F7-4668-BE54-9A1E7A4F7556}") = "Comunication.RabbitMQ", "src\Shared\Communication\Comunication.RabbitMQ\Comunication.RabbitMQ.csproj", "{034E66F7-8BBA-403A-A4AC-20F175CC586E}"
EndProject
Project("{9A19103F-16F7-4668-BE54-9A1E7A4F7556}") = "Serialization", "src\Shared\Communication\Serialization\Serialization.csproj", "{2B69F58F-54FA-4EC3-8A92-8C7C0F29A624}"
EndProject
Project("{9A19103F-16F7-4668-BE54-9A1E7A4F7556}") = "Setup", "src\Shared\Communication\Setup\Setup.csproj", "{1C431F3E-BFD5-4ED3-A2A1-5916577CDF7B}"
EndProject
Global
	GlobalSection(SolutionConfigurationPlatforms) = preSolution
		Debug|Any CPU = Debug|Any CPU
		Release|Any CPU = Release|Any CPU
	EndGlobalSection
	GlobalSection(ProjectConfigurationPlatforms) = postSolution
		{E917DDE3-C140-4454-8DEF-139D07EBA08E}.Debug|Any CPU.ActiveCfg = Debug|Any CPU
		{E917DDE3-C140-4454-8DEF-139D07EBA08E}.Debug|Any CPU.Build.0 = Debug|Any CPU
		{E917DDE3-C140-4454-8DEF-139D07EBA08E}.Release|Any CPU.ActiveCfg = Release|Any CPU
		{E917DDE3-C140-4454-8DEF-139D07EBA08E}.Release|Any CPU.Build.0 = Release|Any CPU
		{6E80CE6F-0199-46B1-9291-1E6C33021F1D}.Debug|Any CPU.ActiveCfg = Debug|Any CPU
		{6E80CE6F-0199-46B1-9291-1E6C33021F1D}.Debug|Any CPU.Build.0 = Debug|Any CPU
		{6E80CE6F-0199-46B1-9291-1E6C33021F1D}.Release|Any CPU.ActiveCfg = Release|Any CPU
		{6E80CE6F-0199-46B1-9291-1E6C33021F1D}.Release|Any CPU.Build.0 = Release|Any CPU
		{2E8ECE90-5E6C-4A18-9C8F-FCBE8578FC5E}.Debug|Any CPU.ActiveCfg = Debug|Any CPU
		{2E8ECE90-5E6C-4A18-9C8F-FCBE8578FC5E}.Debug|Any CPU.Build.0 = Debug|Any CPU
		{2E8ECE90-5E6C-4A18-9C8F-FCBE8578FC5E}.Release|Any CPU.ActiveCfg = Release|Any CPU
		{2E8ECE90-5E6C-4A18-9C8F-FCBE8578FC5E}.Release|Any CPU.Build.0 = Release|Any CPU
		{273617E9-66D4-483E-A5E7-48F954C29B20}.Debug|Any CPU.ActiveCfg = Debug|Any CPU
		{273617E9-66D4-483E-A5E7-48F954C29B20}.Debug|Any CPU.Build.0 = Debug|Any CPU
		{273617E9-66D4-483E-A5E7-48F954C29B20}.Release|Any CPU.ActiveCfg = Release|Any CPU
		{273617E9-66D4-483E-A5E7-48F954C29B20}.Release|Any CPU.Build.0 = Release|Any CPU
		{F2F5ECA6-648A-4500-B6BA-DFC60D632E87}.Debug|Any CPU.ActiveCfg = Debug|Any CPU
		{F2F5ECA6-648A-4500-B6BA-DFC60D632E87}.Debug|Any CPU.Build.0 = Debug|Any CPU
		{F2F5ECA6-648A-4500-B6BA-DFC60D632E87}.Release|Any CPU.ActiveCfg = Release|Any CPU
		{F2F5ECA6-648A-4500-B6BA-DFC60D632E87}.Release|Any CPU.Build.0 = Release|Any CPU
		{7AAD1349-6A14-45CC-B0A4-E6536DA28402}.Debug|Any CPU.ActiveCfg = Debug|Any CPU
		{7AAD1349-6A14-45CC-B0A4-E6536DA28402}.Debug|Any CPU.Build.0 = Debug|Any CPU
		{7AAD1349-6A14-45CC-B0A4-E6536DA28402}.Release|Any CPU.ActiveCfg = Release|Any CPU
		{7AAD1349-6A14-45CC-B0A4-E6536DA28402}.Release|Any CPU.Build.0 = Release|Any CPU
		{16CD7FE8-DDA5-46EE-B20B-C6E0A6C895A0}.Debug|Any CPU.ActiveCfg = Debug|Any CPU
		{16CD7FE8-DDA5-46EE-B20B-C6E0A6C895A0}.Debug|Any CPU.Build.0 = Debug|Any CPU
		{16CD7FE8-DDA5-46EE-B20B-C6E0A6C895A0}.Release|Any CPU.ActiveCfg = Release|Any CPU
		{16CD7FE8-DDA5-46EE-B20B-C6E0A6C895A0}.Release|Any CPU.Build.0 = Release|Any CPU
		{2AAA12A0-CD2B-48C7-9105-F717E59565A4}.Debug|Any CPU.ActiveCfg = Debug|Any CPU
		{2AAA12A0-CD2B-48C7-9105-F717E59565A4}.Debug|Any CPU.Build.0 = Debug|Any CPU
		{2AAA12A0-CD2B-48C7-9105-F717E59565A4}.Release|Any CPU.ActiveCfg = Release|Any CPU
		{2AAA12A0-CD2B-48C7-9105-F717E59565A4}.Release|Any CPU.Build.0 = Release|Any CPU
		{78163C88-CE4E-4768-9003-9039DD45360E}.Debug|Any CPU.ActiveCfg = Debug|Any CPU
		{78163C88-CE4E-4768-9003-9039DD45360E}.Debug|Any CPU.Build.0 = Debug|Any CPU
		{78163C88-CE4E-4768-9003-9039DD45360E}.Release|Any CPU.ActiveCfg = Release|Any CPU
		{78163C88-CE4E-4768-9003-9039DD45360E}.Release|Any CPU.Build.0 = Release|Any CPU
		{034E66F7-8BBA-403A-A4AC-20F175CC586E}.Debug|Any CPU.ActiveCfg = Debug|Any CPU
		{034E66F7-8BBA-403A-A4AC-20F175CC586E}.Debug|Any CPU.Build.0 = Debug|Any CPU
		{034E66F7-8BBA-403A-A4AC-20F175CC586E}.Release|Any CPU.ActiveCfg = Release|Any CPU
		{034E66F7-8BBA-403A-A4AC-20F175CC586E}.Release|Any CPU.Build.0 = Release|Any CPU
		{2B69F58F-54FA-4EC3-8A92-8C7C0F29A624}.Debug|Any CPU.ActiveCfg = Debug|Any CPU
		{2B69F58F-54FA-4EC3-8A92-8C7C0F29A624}.Debug|Any CPU.Build.0 = Debug|Any CPU
		{2B69F58F-54FA-4EC3-8A92-8C7C0F29A624}.Release|Any CPU.ActiveCfg = Release|Any CPU
		{2B69F58F-54FA-4EC3-8A92-8C7C0F29A624}.Release|Any CPU.Build.0 = Release|Any CPU
		{1C431F3E-BFD5-4ED3-A2A1-5916577CDF7B}.Debug|Any CPU.ActiveCfg = Debug|Any CPU
		{1C431F3E-BFD5-4ED3-A2A1-5916577CDF7B}.Debug|Any CPU.Build.0 = Debug|Any CPU
		{1C431F3E-BFD5-4ED3-A2A1-5916577CDF7B}.Release|Any CPU.ActiveCfg = Release|Any CPU
		{1C431F3E-BFD5-4ED3-A2A1-5916577CDF7B}.Release|Any CPU.Build.0 = Release|Any CPU
	EndGlobalSection
	GlobalSection(SolutionProperties) = preSolution
		HideSolutionNode = FALSE
	EndGlobalSection
	GlobalSection(NestedProjects) = preSolution
		{93ACCC16-6BF5-4B37-8209-CE0BF9353153} = {CDBDDE53-22D7-4145-A0DA-040CF8FFF3B3}
		{F8EF1128-5640-43A3-BBC9-DC7526DE9EF4} = {CDBDDE53-22D7-4145-A0DA-040CF8FFF3B3}
		{211BA6E3-8EF7-4466-AAA4-04CA6B3979FC} = {CDBDDE53-22D7-4145-A0DA-040CF8FFF3B3}
		{E917DDE3-C140-4454-8DEF-139D07EBA08E} = {93ACCC16-6BF5-4B37-8209-CE0BF9353153}
		{6E80CE6F-0199-46B1-9291-1E6C33021F1D} = {93ACCC16-6BF5-4B37-8209-CE0BF9353153}
		{2E8ECE90-5E6C-4A18-9C8F-FCBE8578FC5E} = {93ACCC16-6BF5-4B37-8209-CE0BF9353153}
		{273617E9-66D4-483E-A5E7-48F954C29B20} = {93ACCC16-6BF5-4B37-8209-CE0BF9353153}
		{F2F5ECA6-648A-4500-B6BA-DFC60D632E87} = {93ACCC16-6BF5-4B37-8209-CE0BF9353153}
		{B44FB379-A510-4D46-9B4D-AF9D2FB3D92D} = {8243FD11-D7A1-41A0-A851-B6D8E1FE2CC2}
		{E4D4B2E1-0637-46AC-988A-D8F27EE0AFF4} = {8243FD11-D7A1-41A0-A851-B6D8E1FE2CC2}
		{7AAD1349-6A14-45CC-B0A4-E6536DA28402} = {E4D4B2E1-0637-46AC-988A-D8F27EE0AFF4}
		{16CD7FE8-DDA5-46EE-B20B-C6E0A6C895A0} = {E4D4B2E1-0637-46AC-988A-D8F27EE0AFF4}
		{2AAA12A0-CD2B-48C7-9105-F717E59565A4} = {E4D4B2E1-0637-46AC-988A-D8F27EE0AFF4}
		{78163C88-CE4E-4768-9003-9039DD45360E} = {B44FB379-A510-4D46-9B4D-AF9D2FB3D92D}
		{034E66F7-8BBA-403A-A4AC-20F175CC586E} = {B44FB379-A510-4D46-9B4D-AF9D2FB3D92D}
		{2B69F58F-54FA-4EC3-8A92-8C7C0F29A624} = {8243FD11-D7A1-41A0-A851-B6D8E1FE2CC2}
		{1C431F3E-BFD5-4ED3-A2A1-5916577CDF7B} = {8243FD11-D7A1-41A0-A851-B6D8E1FE2CC2}
	EndGlobalSection
	GlobalSection(ExtensibilityGlobals) = postSolution
		SolutionGuid = {158598AF-4662-48F3-930F-B58E32D059A3}
	EndGlobalSection
EndGlobal
